{
    "version": 3,
    "terraform_version": "0.11.8",
    "serial": 2,
    "lineage": "aa3302eb-f680-79c5-021d-4ecd0f206a8e",
    "modules": [
        {
            "path": [
                "root"
            ],
            "outputs": {
                "private_ips": {
                    "sensitive": false,
                    "type": "list",
                    "value": [
                        "10.1.101.3",
                        "10.1.101.2"
                    ]
                },
                "public_ips": {
                    "sensitive": false,
                    "type": "list",
                    "value": [
                        "129.213.128.18",
                        "129.213.150.89"
                    ]
                },
                "subnet_ocid": {
                    "sensitive": false,
                    "type": "string",
                    "value": "ocid1.subnet.oc1.iad.aaaaaaaayfhjfbcczgyffsc3mfqm7h4dtpmlkkzt32b6jshcceb3rkqznbnq"
                }
            },
            "resources": {
                "data.oci_identity_availability_domains.ADs": {
                    "type": "oci_identity_availability_domains",
                    "depends_on": [],
                    "primary": {
                        "id": "2018-11-09 15:18:31.169481453 +0000 UTC",
                        "attributes": {
                            "availability_domains.#": "3",
                            "availability_domains.0.compartment_id": "ocid1.tenancy.oc1..aaaaaaaa6cbn5b6obdpqkdyycybvvlunlxx3hxmdfxdlxytl4nwzh6giajla",
                            "availability_domains.0.name": "ABmk:US-ASHBURN-AD-1",
                            "availability_domains.1.compartment_id": "ocid1.tenancy.oc1..aaaaaaaa6cbn5b6obdpqkdyycybvvlunlxx3hxmdfxdlxytl4nwzh6giajla",
                            "availability_domains.1.name": "ABmk:US-ASHBURN-AD-2",
                            "availability_domains.2.compartment_id": "ocid1.tenancy.oc1..aaaaaaaa6cbn5b6obdpqkdyycybvvlunlxx3hxmdfxdlxytl4nwzh6giajla",
                            "availability_domains.2.name": "ABmk:US-ASHBURN-AD-3",
                            "compartment_id": "ocid1.tenancy.oc1..aaaaaaaa6cbn5b6obdpqkdyycybvvlunlxx3hxmdfxdlxytl4nwzh6giajla",
                            "id": "2018-11-09 15:18:31.169481453 +0000 UTC"
                        },
                        "meta": {},
                        "tainted": false
                    },
                    "deposed": [],
                    "provider": "provider.oci"
                },
                "oci_core_security_list.PilosaSecurityList": {
                    "type": "oci_core_security_list",
                    "depends_on": [
                        "module.network"
                    ],
                    "primary": {
                        "id": "ocid1.securitylist.oc1.iad.aaaaaaaabk7sdd3td5a6uqjfrcaexkcr4cqcxx2ltj4tokdtvtc56stqvwwq",
                        "attributes": {
                            "compartment_id": "ocid1.compartment.oc1..aaaaaaaa6pjuy4mc2l62ptvybbim7tk52ed4qriegxjfpedsirrnbx6mavca",
                            "defined_tags.%": "0",
                            "display_name": "PilosaSecurityList",
                            "egress_security_rules.#": "2",
                            "egress_security_rules.1420396200.destination": "0.0.0.0/0",
                            "egress_security_rules.1420396200.destination_type": "CIDR_BLOCK",
                            "egress_security_rules.1420396200.icmp_options.#": "0",
                            "egress_security_rules.1420396200.protocol": "6",
                            "egress_security_rules.1420396200.stateless": "false",
                            "egress_security_rules.1420396200.tcp_options.#": "0",
                            "egress_security_rules.1420396200.udp_options.#": "0",
                            "egress_security_rules.3826709106.destination": "0.0.0.0/0",
                            "egress_security_rules.3826709106.destination_type": "CIDR_BLOCK",
                            "egress_security_rules.3826709106.icmp_options.#": "0",
                            "egress_security_rules.3826709106.protocol": "17",
                            "egress_security_rules.3826709106.stateless": "true",
                            "egress_security_rules.3826709106.tcp_options.#": "0",
                            "egress_security_rules.3826709106.udp_options.#": "0",
                            "freeform_tags.%": "0",
                            "id": "ocid1.securitylist.oc1.iad.aaaaaaaabk7sdd3td5a6uqjfrcaexkcr4cqcxx2ltj4tokdtvtc56stqvwwq",
                            "ingress_security_rules.#": "4",
                            "ingress_security_rules.1709695539.icmp_options.#": "1",
                            "ingress_security_rules.1709695539.icmp_options.0.code": "4",
                            "ingress_security_rules.1709695539.icmp_options.0.type": "3",
                            "ingress_security_rules.1709695539.protocol": "1",
                            "ingress_security_rules.1709695539.source": "0.0.0.0/0",
                            "ingress_security_rules.1709695539.source_type": "CIDR_BLOCK",
                            "ingress_security_rules.1709695539.stateless": "true",
                            "ingress_security_rules.1709695539.tcp_options.#": "0",
                            "ingress_security_rules.1709695539.udp_options.#": "0",
                            "ingress_security_rules.3930337406.icmp_options.#": "0",
                            "ingress_security_rules.3930337406.protocol": "6",
                            "ingress_security_rules.3930337406.source": "10.1.0.0/16",
                            "ingress_security_rules.3930337406.source_type": "CIDR_BLOCK",
                            "ingress_security_rules.3930337406.stateless": "false",
                            "ingress_security_rules.3930337406.tcp_options.#": "1",
                            "ingress_security_rules.3930337406.tcp_options.0.max": "14000",
                            "ingress_security_rules.3930337406.tcp_options.0.min": "14000",
                            "ingress_security_rules.3930337406.tcp_options.0.source_port_range.#": "0",
                            "ingress_security_rules.3930337406.udp_options.#": "0",
                            "ingress_security_rules.47193274.icmp_options.#": "0",
                            "ingress_security_rules.47193274.protocol": "6",
                            "ingress_security_rules.47193274.source": "0.0.0.0/0",
                            "ingress_security_rules.47193274.source_type": "CIDR_BLOCK",
                            "ingress_security_rules.47193274.stateless": "false",
                            "ingress_security_rules.47193274.tcp_options.#": "1",
                            "ingress_security_rules.47193274.tcp_options.0.max": "22",
                            "ingress_security_rules.47193274.tcp_options.0.min": "22",
                            "ingress_security_rules.47193274.tcp_options.0.source_port_range.#": "0",
                            "ingress_security_rules.47193274.udp_options.#": "0",
                            "ingress_security_rules.768792760.icmp_options.#": "0",
                            "ingress_security_rules.768792760.protocol": "6",
                            "ingress_security_rules.768792760.source": "10.1.0.0/16",
                            "ingress_security_rules.768792760.source_type": "CIDR_BLOCK",
                            "ingress_security_rules.768792760.stateless": "false",
                            "ingress_security_rules.768792760.tcp_options.#": "1",
                            "ingress_security_rules.768792760.tcp_options.0.max": "10101",
                            "ingress_security_rules.768792760.tcp_options.0.min": "10101",
                            "ingress_security_rules.768792760.tcp_options.0.source_port_range.#": "0",
                            "ingress_security_rules.768792760.udp_options.#": "0",
                            "state": "AVAILABLE",
                            "time_created": "2018-11-09 15:18:34.782 +0000 UTC",
                            "vcn_id": "ocid1.vcn.oc1.iad.aaaaaaaajec5cysafrrveuvzskkwmo54iuhfd57qhifljgc6bm5wx4qktvuq"
                        },
                        "meta": {
                            "e2bfb730-ecaa-11e6-8f88-34363bc7c4c0": {
                                "create": 900000000000,
                                "delete": 900000000000,
                                "update": 900000000000
                            }
                        },
                        "tainted": false
                    },
                    "deposed": [],
                    "provider": "provider.oci"
                },
                "oci_core_subnet.PilosaSubnet": {
                    "type": "oci_core_subnet",
                    "depends_on": [
                        "data.oci_identity_availability_domains.ADs",
                        "module.network",
                        "oci_core_security_list.PilosaSecurityList"
                    ],
                    "primary": {
                        "id": "ocid1.subnet.oc1.iad.aaaaaaaayfhjfbcczgyffsc3mfqm7h4dtpmlkkzt32b6jshcceb3rkqznbnq",
                        "attributes": {
                            "availability_domain": "ABmk:US-ASHBURN-AD-1",
                            "cidr_block": "10.1.101.0/24",
                            "compartment_id": "ocid1.compartment.oc1..aaaaaaaa6pjuy4mc2l62ptvybbim7tk52ed4qriegxjfpedsirrnbx6mavca",
                            "defined_tags.%": "0",
                            "dhcp_options_id": "ocid1.dhcpoptions.oc1.iad.aaaaaaaa5najlbesgejqlbotnupbn6dj2gbtptv25w5l6eqjr4bouk6ck7za",
                            "display_name": "PilosaSubnet",
                            "dns_label": "pilosasubnet",
                            "freeform_tags.%": "0",
                            "id": "ocid1.subnet.oc1.iad.aaaaaaaayfhjfbcczgyffsc3mfqm7h4dtpmlkkzt32b6jshcceb3rkqznbnq",
                            "prohibit_public_ip_on_vnic": "false",
                            "route_table_id": "ocid1.routetable.oc1.iad.aaaaaaaaminpuzhzl4eqfxfhgci6f73sr67l2kcubb6v6rv6wbz5jz7lvgca",
                            "security_list_ids.#": "1",
                            "security_list_ids.3786622209": "ocid1.securitylist.oc1.iad.aaaaaaaabk7sdd3td5a6uqjfrcaexkcr4cqcxx2ltj4tokdtvtc56stqvwwq",
                            "state": "AVAILABLE",
                            "subnet_domain_name": "pilosasubnet.pilosavcn.oraclevcn.com",
                            "time_created": "2018-11-09 15:18:35.453 +0000 UTC",
                            "vcn_id": "ocid1.vcn.oc1.iad.aaaaaaaajec5cysafrrveuvzskkwmo54iuhfd57qhifljgc6bm5wx4qktvuq",
                            "virtual_router_ip": "10.1.101.1",
                            "virtual_router_mac": "00:00:17:7C:FC:9B"
                        },
                        "meta": {
                            "e2bfb730-ecaa-11e6-8f88-34363bc7c4c0": {
                                "create": 900000000000,
                                "delete": 900000000000,
                                "update": 900000000000
                            }
                        },
                        "tainted": false
                    },
                    "deposed": [],
                    "provider": "provider.oci"
                }
            },
            "depends_on": []
        },
        {
            "path": [
                "root",
                "network"
            ],
            "outputs": {
                "route_table_ocid": {
                    "sensitive": false,
                    "type": "string",
                    "value": "ocid1.routetable.oc1.iad.aaaaaaaaminpuzhzl4eqfxfhgci6f73sr67l2kcubb6v6rv6wbz5jz7lvgca"
                },
                "vcn_ocid": {
                    "sensitive": false,
                    "type": "string",
                    "value": "ocid1.vcn.oc1.iad.aaaaaaaajec5cysafrrveuvzskkwmo54iuhfd57qhifljgc6bm5wx4qktvuq"
                }
            },
            "resources": {
                "oci_core_internet_gateway.PilosaIG": {
                    "type": "oci_core_internet_gateway",
                    "depends_on": [
                        "oci_core_vcn.PilosaVCN"
                    ],
                    "primary": {
                        "id": "ocid1.internetgateway.oc1.iad.aaaaaaaa7ctylnhpyrsxbbaxh46ooki275yjctbvb3qovtk2rxjb4wiz7bcq",
                        "attributes": {
                            "compartment_id": "ocid1.compartment.oc1..aaaaaaaa6pjuy4mc2l62ptvybbim7tk52ed4qriegxjfpedsirrnbx6mavca",
                            "defined_tags.%": "0",
                            "display_name": "PilosaIG",
                            "enabled": "true",
                            "freeform_tags.%": "0",
                            "id": "ocid1.internetgateway.oc1.iad.aaaaaaaa7ctylnhpyrsxbbaxh46ooki275yjctbvb3qovtk2rxjb4wiz7bcq",
                            "state": "AVAILABLE",
                            "time_created": "2018-11-09 15:18:34.595 +0000 UTC",
                            "vcn_id": "ocid1.vcn.oc1.iad.aaaaaaaajec5cysafrrveuvzskkwmo54iuhfd57qhifljgc6bm5wx4qktvuq"
                        },
                        "meta": {
                            "e2bfb730-ecaa-11e6-8f88-34363bc7c4c0": {
                                "create": 900000000000,
                                "delete": 900000000000,
                                "update": 900000000000
                            }
                        },
                        "tainted": false
                    },
                    "deposed": [],
                    "provider": "module.network.provider.oci"
                },
                "oci_core_route_table.PilosaRT": {
                    "type": "oci_core_route_table",
                    "depends_on": [
                        "oci_core_internet_gateway.PilosaIG",
                        "oci_core_vcn.PilosaVCN"
                    ],
                    "primary": {
                        "id": "ocid1.routetable.oc1.iad.aaaaaaaaminpuzhzl4eqfxfhgci6f73sr67l2kcubb6v6rv6wbz5jz7lvgca",
                        "attributes": {
                            "compartment_id": "ocid1.compartment.oc1..aaaaaaaa6pjuy4mc2l62ptvybbim7tk52ed4qriegxjfpedsirrnbx6mavca",
                            "defined_tags.%": "0",
                            "display_name": "PilosaRouteTable",
                            "freeform_tags.%": "0",
                            "id": "ocid1.routetable.oc1.iad.aaaaaaaaminpuzhzl4eqfxfhgci6f73sr67l2kcubb6v6rv6wbz5jz7lvgca",
                            "route_rules.#": "1",
                            "route_rules.1547939733.cidr_block": "0.0.0.0/0",
                            "route_rules.1547939733.destination": "0.0.0.0/0",
                            "route_rules.1547939733.destination_type": "CIDR_BLOCK",
                            "route_rules.1547939733.network_entity_id": "ocid1.internetgateway.oc1.iad.aaaaaaaa7ctylnhpyrsxbbaxh46ooki275yjctbvb3qovtk2rxjb4wiz7bcq",
                            "state": "AVAILABLE",
                            "time_created": "2018-11-09 15:18:34.89 +0000 UTC",
                            "vcn_id": "ocid1.vcn.oc1.iad.aaaaaaaajec5cysafrrveuvzskkwmo54iuhfd57qhifljgc6bm5wx4qktvuq"
                        },
                        "meta": {
                            "e2bfb730-ecaa-11e6-8f88-34363bc7c4c0": {
                                "create": 900000000000,
                                "delete": 900000000000,
                                "update": 900000000000
                            }
                        },
                        "tainted": false
                    },
                    "deposed": [],
                    "provider": "module.network.provider.oci"
                },
                "oci_core_vcn.PilosaVCN": {
                    "type": "oci_core_vcn",
                    "depends_on": [],
                    "primary": {
                        "id": "ocid1.vcn.oc1.iad.aaaaaaaajec5cysafrrveuvzskkwmo54iuhfd57qhifljgc6bm5wx4qktvuq",
                        "attributes": {
                            "cidr_block": "10.1.0.0/16",
                            "compartment_id": "ocid1.compartment.oc1..aaaaaaaa6pjuy4mc2l62ptvybbim7tk52ed4qriegxjfpedsirrnbx6mavca",
                            "default_dhcp_options_id": "ocid1.dhcpoptions.oc1.iad.aaaaaaaa5najlbesgejqlbotnupbn6dj2gbtptv25w5l6eqjr4bouk6ck7za",
                            "default_route_table_id": "ocid1.routetable.oc1.iad.aaaaaaaa3wc4otx26nuk33gnklwdnpiszf5e4fufdya6ksos4cfyjv2su43q",
                            "default_security_list_id": "ocid1.securitylist.oc1.iad.aaaaaaaaqe5uauuacr2xxbsvmbiylp44wemhsow36nknzbr2qy3auj5pf5wq",
                            "defined_tags.%": "0",
                            "display_name": "PilosaVCN",
                            "dns_label": "pilosavcn",
                            "freeform_tags.%": "0",
                            "id": "ocid1.vcn.oc1.iad.aaaaaaaajec5cysafrrveuvzskkwmo54iuhfd57qhifljgc6bm5wx4qktvuq",
                            "state": "AVAILABLE",
                            "time_created": "2018-11-09 15:18:34.188 +0000 UTC",
                            "vcn_domain_name": "pilosavcn.oraclevcn.com"
                        },
                        "meta": {
                            "e2bfb730-ecaa-11e6-8f88-34363bc7c4c0": {
                                "create": 900000000000,
                                "delete": 900000000000,
                                "update": 900000000000
                            }
                        },
                        "tainted": false
                    },
                    "deposed": [],
                    "provider": "module.network.provider.oci"
                }
            },
            "depends_on": []
        },
        {
            "path": [
                "root",
                "pilosa"
            ],
            "outputs": {
                "private_ips": {
                    "sensitive": false,
                    "type": "list",
                    "value": [
                        "10.1.101.3",
                        "10.1.101.2"
                    ]
                },
                "public_ips": {
                    "sensitive": false,
                    "type": "list",
                    "value": [
                        "129.213.128.18",
                        "129.213.150.89"
                    ]
                }
            },
            "resources": {
                "data.oci_identity_availability_domains.ADs": {
                    "type": "oci_identity_availability_domains",
                    "depends_on": [],
                    "primary": {
                        "id": "2018-11-09 15:18:31.158464365 +0000 UTC",
                        "attributes": {
                            "availability_domains.#": "3",
                            "availability_domains.0.compartment_id": "ocid1.tenancy.oc1..aaaaaaaa6cbn5b6obdpqkdyycybvvlunlxx3hxmdfxdlxytl4nwzh6giajla",
                            "availability_domains.0.name": "ABmk:US-ASHBURN-AD-1",
                            "availability_domains.1.compartment_id": "ocid1.tenancy.oc1..aaaaaaaa6cbn5b6obdpqkdyycybvvlunlxx3hxmdfxdlxytl4nwzh6giajla",
                            "availability_domains.1.name": "ABmk:US-ASHBURN-AD-2",
                            "availability_domains.2.compartment_id": "ocid1.tenancy.oc1..aaaaaaaa6cbn5b6obdpqkdyycybvvlunlxx3hxmdfxdlxytl4nwzh6giajla",
                            "availability_domains.2.name": "ABmk:US-ASHBURN-AD-3",
                            "compartment_id": "ocid1.tenancy.oc1..aaaaaaaa6cbn5b6obdpqkdyycybvvlunlxx3hxmdfxdlxytl4nwzh6giajla",
                            "id": "2018-11-09 15:18:31.158464365 +0000 UTC"
                        },
                        "meta": {},
                        "tainted": false
                    },
                    "deposed": [],
                    "provider": "module.pilosa.provider.oci"
                },
                "oci_core_instance.PilosaInstance.0": {
                    "type": "oci_core_instance",
                    "depends_on": [
                        "data.oci_identity_availability_domains.ADs"
                    ],
                    "primary": {
                        "id": "ocid1.instance.oc1.iad.abuwcljrhuoggtz6trjwjm7bm6or6hsk6bshznffaqddwaftv5peeutkfmfa",
                        "attributes": {
                            "availability_domain": "ABmk:US-ASHBURN-AD-1",
                            "boot_volume_id": "ocid1.bootvolume.oc1.iad.abuwcljrzm5jnjyf7skrcm6tpgqjpstxeeuxmw22xus2tr2rneh46lztus7a",
                            "compartment_id": "ocid1.compartment.oc1..aaaaaaaa6pjuy4mc2l62ptvybbim7tk52ed4qriegxjfpedsirrnbx6mavca",
                            "create_vnic_details.#": "1",
                            "create_vnic_details.0.assign_public_ip": "true",
                            "create_vnic_details.0.defined_tags.%": "0",
                            "create_vnic_details.0.display_name": "primaryvnic",
                            "create_vnic_details.0.freeform_tags.%": "0",
                            "create_vnic_details.0.hostname_label": "pilosa0",
                            "create_vnic_details.0.private_ip": "10.1.101.3",
                            "create_vnic_details.0.skip_source_dest_check": "false",
                            "create_vnic_details.0.subnet_id": "ocid1.subnet.oc1.iad.aaaaaaaayfhjfbcczgyffsc3mfqm7h4dtpmlkkzt32b6jshcceb3rkqznbnq",
                            "defined_tags.%": "0",
                            "display_name": "pilosa0",
                            "fault_domain": "FAULT-DOMAIN-3",
                            "freeform_tags.%": "0",
                            "hostname_label": "pilosa0",
                            "id": "ocid1.instance.oc1.iad.abuwcljrhuoggtz6trjwjm7bm6or6hsk6bshznffaqddwaftv5peeutkfmfa",
                            "image": "ocid1.image.oc1.iad.aaaaaaaahmblavdr6elu7gmt3jqtjcu2uitlzieb4jv3hh675sjqwadxv5pa",
                            "launch_mode": "NATIVE",
                            "launch_options.#": "1",
                            "launch_options.0.boot_volume_type": "ISCSI",
                            "launch_options.0.firmware": "UEFI_64",
                            "launch_options.0.network_type": "VFIO",
                            "launch_options.0.remote_data_volume_type": "PARAVIRTUALIZED",
                            "metadata.%": "2",
                            "metadata.instance_index": "0",
                            "metadata.ssh_authorized_keys": "ssh-rsa AAAAB3NzaC1yc2EAAAABIwAAAQEA4P/vokIM2XoAk7cwNHT4sC+bQoesI23sby+VuAS5/7MzXmc6eIW3idCUZb5qotX5C37FdO4uzqvedst2dYWNVzOvphqp1eZAxAbw8rx8YL7/45gRB7NtfaPfwJjwa0FSscTsIDA8O98DyBEMK3Ur2V6jJxclLu9+GMwsQhhfHFOVhpN1woLcAx6CNMsVVOn+cygxskwCcG23amNBJ3izfjo8fHoAJ6pGSkJ0PQ2s88xFLftVfMxO825skLn7QnTTVDB0DfM++U5IdDdrUcVxgNhgv1+neuWk/PbzJ2Gbl/sgmsu+tWSpHMMRJBlonbufc4Yn79G7fBPsE/xYmPGkUQ== cody@soyland.org\n",
                            "private_ip": "10.1.101.3",
                            "public_ip": "129.213.128.18",
                            "region": "iad",
                            "shape": "VM.Standard2.1",
                            "source_details.#": "1",
                            "source_details.0.boot_volume_size_in_gbs": "47",
                            "source_details.0.source_id": "ocid1.image.oc1.iad.aaaaaaaahmblavdr6elu7gmt3jqtjcu2uitlzieb4jv3hh675sjqwadxv5pa",
                            "source_details.0.source_type": "image",
                            "state": "RUNNING",
                            "subnet_id": "ocid1.subnet.oc1.iad.aaaaaaaayfhjfbcczgyffsc3mfqm7h4dtpmlkkzt32b6jshcceb3rkqznbnq",
                            "time_created": "2018-11-09 15:18:37.059 +0000 UTC"
                        },
                        "meta": {
                            "e2bfb730-ecaa-11e6-8f88-34363bc7c4c0": {
                                "create": 3600000000000,
                                "delete": 7200000000000,
                                "update": 7200000000000
                            }
                        },
                        "tainted": false
                    },
                    "deposed": [],
                    "provider": "module.pilosa.provider.oci"
                },
                "oci_core_instance.PilosaInstance.1": {
                    "type": "oci_core_instance",
                    "depends_on": [
                        "data.oci_identity_availability_domains.ADs"
                    ],
                    "primary": {
                        "id": "ocid1.instance.oc1.iad.abuwcljr6ppy66e446tdegqacyigjdoaoavwyl6n7vcl74jpbsjs7h4t72na",
                        "attributes": {
                            "availability_domain": "ABmk:US-ASHBURN-AD-1",
                            "boot_volume_id": "ocid1.bootvolume.oc1.iad.abuwcljrl6ix6j34xjcabtog722hh64tpwylnjkfpc57wuxwtebowmthckwq",
                            "compartment_id": "ocid1.compartment.oc1..aaaaaaaa6pjuy4mc2l62ptvybbim7tk52ed4qriegxjfpedsirrnbx6mavca",
                            "create_vnic_details.#": "1",
                            "create_vnic_details.0.assign_public_ip": "true",
                            "create_vnic_details.0.defined_tags.%": "0",
                            "create_vnic_details.0.display_name": "primaryvnic",
                            "create_vnic_details.0.freeform_tags.%": "0",
                            "create_vnic_details.0.hostname_label": "pilosa1",
                            "create_vnic_details.0.private_ip": "10.1.101.2",
                            "create_vnic_details.0.skip_source_dest_check": "false",
                            "create_vnic_details.0.subnet_id": "ocid1.subnet.oc1.iad.aaaaaaaayfhjfbcczgyffsc3mfqm7h4dtpmlkkzt32b6jshcceb3rkqznbnq",
                            "defined_tags.%": "0",
                            "display_name": "pilosa1",
                            "fault_domain": "FAULT-DOMAIN-1",
                            "freeform_tags.%": "0",
                            "hostname_label": "pilosa1",
                            "id": "ocid1.instance.oc1.iad.abuwcljr6ppy66e446tdegqacyigjdoaoavwyl6n7vcl74jpbsjs7h4t72na",
                            "image": "ocid1.image.oc1.iad.aaaaaaaahmblavdr6elu7gmt3jqtjcu2uitlzieb4jv3hh675sjqwadxv5pa",
                            "launch_mode": "NATIVE",
                            "launch_options.#": "1",
                            "launch_options.0.boot_volume_type": "ISCSI",
                            "launch_options.0.firmware": "UEFI_64",
                            "launch_options.0.network_type": "VFIO",
                            "launch_options.0.remote_data_volume_type": "PARAVIRTUALIZED",
                            "metadata.%": "2",
                            "metadata.instance_index": "1",
                            "metadata.ssh_authorized_keys": "ssh-rsa AAAAB3NzaC1yc2EAAAABIwAAAQEA4P/vokIM2XoAk7cwNHT4sC+bQoesI23sby+VuAS5/7MzXmc6eIW3idCUZb5qotX5C37FdO4uzqvedst2dYWNVzOvphqp1eZAxAbw8rx8YL7/45gRB7NtfaPfwJjwa0FSscTsIDA8O98DyBEMK3Ur2V6jJxclLu9+GMwsQhhfHFOVhpN1woLcAx6CNMsVVOn+cygxskwCcG23amNBJ3izfjo8fHoAJ6pGSkJ0PQ2s88xFLftVfMxO825skLn7QnTTVDB0DfM++U5IdDdrUcVxgNhgv1+neuWk/PbzJ2Gbl/sgmsu+tWSpHMMRJBlonbufc4Yn79G7fBPsE/xYmPGkUQ== cody@soyland.org\n",
                            "private_ip": "10.1.101.2",
                            "public_ip": "129.213.150.89",
                            "region": "iad",
                            "shape": "VM.Standard2.1",
                            "source_details.#": "1",
                            "source_details.0.boot_volume_size_in_gbs": "47",
                            "source_details.0.source_id": "ocid1.image.oc1.iad.aaaaaaaahmblavdr6elu7gmt3jqtjcu2uitlzieb4jv3hh675sjqwadxv5pa",
                            "source_details.0.source_type": "image",
                            "state": "RUNNING",
                            "subnet_id": "ocid1.subnet.oc1.iad.aaaaaaaayfhjfbcczgyffsc3mfqm7h4dtpmlkkzt32b6jshcceb3rkqznbnq",
                            "time_created": "2018-11-09 15:18:36.839 +0000 UTC"
                        },
                        "meta": {
                            "e2bfb730-ecaa-11e6-8f88-34363bc7c4c0": {
                                "create": 3600000000000,
                                "delete": 7200000000000,
                                "update": 7200000000000
                            }
                        },
                        "tainted": false
                    },
                    "deposed": [],
                    "provider": "module.pilosa.provider.oci"
                }
            },
            "depends_on": []
        }
    ]
}
